
Microsoft Visual Studio Solution File, Format Version 12.00
# Visual Studio Version 17
VisualStudioVersion = 17.13.35931.197
MinimumVisualStudioVersion = 10.0.40219.1
Project("{FAE04EC0-301F-11D3-BF4B-00C04F79EFBC}") = "PWB", "PWB.csproj", "{59389174-7597-48F2-863A-427E787AD2D1}"
EndProject
Global
	GlobalSection(SolutionConfigurationPlatforms) = preSolution
		Debug|Any CPU = Debug|Any CPU
		Release|Any CPU = Release|Any CPU
	EndGlobalSection
	GlobalSection(ProjectConfigurationPlatforms) = postSolution
		{59389174-7597-48F2-863A-427E787AD2D1}.Debug|Any CPU.ActiveCfg = Release|Any CPU
		{59389174-7597-48F2-863A-427E787AD2D1}.Debug|Any CPU.Build.0 = Release|Any CPU
		{59389174-7597-48F2-863A-427E787AD2D1}.Release|Any CPU.ActiveCfg = Release|Any CPU
		{59389174-7597-48F2-863A-427E787AD2D1}.Release|Any CPU.Build.0 = Release|Any CPU
	EndGlobalSection
	GlobalSection(SolutionProperties) = preSolution
		HideSolutionNode = FALSE
	EndGlobalSection
	GlobalSection(ExtensibilityGlobals) = postSolution
		SolutionGuid = {839A4680-2B23-4A72-8BCA-EB78BC4A9BA8}
	EndGlobalSection
EndGlobal
